{
  "name": "frontend-feature-architecture",
  "version": "1.0.0",
  "lockfileVersion": 3,
  "requires": true,
  "packages": {
    "": {
      "name": "frontend-feature-architecture",
      "version": "1.0.0",
      "license": "MIT",
      "bin": {
        "frontend-feature-architecture": "bin/frontend-feature-architecture.js"
      },
      "engines": {
        "node": ">=22"
      }
    }
  }
}
